{
  "version": "v1",
  "packages": {
    "strapi-plugin-icons-field": {
      "signature": "81bf1ec13f5cdaa3aa76fc24ad5f361c"
    },
    "icons-field": {
      "signature": "c46f82f31ed01d553af2b9d246eaf476"
    },
    "strapi-plugin-stripe-connect": {
      "signature": "5e9a075e2a5db693f5224f5449e8e7f1",
      "file": true,
      "replaced": "link:.yalc/strapi-plugin-stripe-connect"
    }
  }
}